
Microsoft Visual Studio Solution File, Format Version 12.00
# Visual Studio 15
VisualStudioVersion = 15.0.28010.0
MinimumVisualStudioVersion = 10.0.40219.1
Project("{9A19103F-16F7-4668-BE54-9A1E7A4F7556}") = "brightspace-cli", "brightspace-cli\brightspace-cli.csproj", "{88EE2B49-65C3-4007-9A04-263CE33C2CCA}"
EndProject
Global
	GlobalSection(SolutionConfigurationPlatforms) = preSolution
		Debug|Any CPU = Debug|Any CPU
		Release|Any CPU = Release|Any CPU
	EndGlobalSection
	GlobalSection(ProjectConfigurationPlatforms) = postSolution
		{88EE2B49-65C3-4007-9A04-263CE33C2CCA}.Debug|Any CPU.ActiveCfg = Debug|Any CPU
		{88EE2B49-65C3-4007-9A04-263CE33C2CCA}.Debug|Any CPU.Build.0 = Debug|Any CPU
		{88EE2B49-65C3-4007-9A04-263CE33C2CCA}.Release|Any CPU.ActiveCfg = Release|Any CPU
		{88EE2B49-65C3-4007-9A04-263CE33C2CCA}.Release|Any CPU.Build.0 = Release|Any CPU
	EndGlobalSection
	GlobalSection(SolutionProperties) = preSolution
		HideSolutionNode = FALSE
	EndGlobalSection
	GlobalSection(ExtensibilityGlobals) = postSolution
		SolutionGuid = {D4B87D73-CE3F-480B-9492-BCF2B23A3A34}
	EndGlobalSection
EndGlobal
